Microsoft Visual Studio Solution File, Format Version 12.00
# Visual Studio Version 17
VisualStudioVersion = 17.5.2.0
MinimumVisualStudioVersion = 10.0.40219.1
Project("{FAE04EC0-301F-11D3-BF4B-00C04F79EFBC}") = "babys-first-web-app", "babys-first-web-app.csproj", "{EE7D6E4C-9688-9BD0-5EC8-8B065A28F18F}"
EndProject
Global
	GlobalSection(SolutionConfigurationPlatforms) = preSolution
		Debug|Any CPU = Debug|Any CPU
		Release|Any CPU = Release|Any CPU
	EndGlobalSection
	GlobalSection(ProjectConfigurationPlatforms) = postSolution
		{EE7D6E4C-9688-9BD0-5EC8-8B065A28F18F}.Debug|Any CPU.ActiveCfg = Debug|Any CPU
		{EE7D6E4C-9688-9BD0-5EC8-8B065A28F18F}.Debug|Any CPU.Build.0 = Debug|Any CPU
		{EE7D6E4C-9688-9BD0-5EC8-8B065A28F18F}.Release|Any CPU.ActiveCfg = Release|Any CPU
		{EE7D6E4C-9688-9BD0-5EC8-8B065A28F18F}.Release|Any CPU.Build.0 = Release|Any CPU
	EndGlobalSection
	GlobalSection(SolutionProperties) = preSolution
		HideSolutionNode = FALSE
	EndGlobalSection
	GlobalSection(ExtensibilityGlobals) = postSolution
		SolutionGuid = {7C38188B-CD82-4CF1-93D2-BD9B7C89223B}
	EndGlobalSection
EndGlobal
